
Microsoft Visual Studio Solution File, Format Version 12.00
Project("{FAE04EC0-301F-11D3-BF4B-00C04F79EFBC}") = "HPKata", "HPKata\HPKata.csproj", "{D210A44B-4652-45AC-B32B-A95F260BBCA2}"
EndProject
Project("{FAE04EC0-301F-11D3-BF4B-00C04F79EFBC}") = "HPKata.Tests", "HPKata.Tests\HPKata.Tests.csproj", "{0C713E1A-BD79-4581-9EE4-6847998BC60D}"
EndProject
Global
	GlobalSection(SolutionConfigurationPlatforms) = preSolution
		Debug|Any CPU = Debug|Any CPU
		Release|Any CPU = Release|Any CPU
	EndGlobalSection
	GlobalSection(ProjectConfigurationPlatforms) = postSolution
		{D210A44B-4652-45AC-B32B-A95F260BBCA2}.Debug|Any CPU.ActiveCfg = Debug|Any CPU
		{D210A44B-4652-45AC-B32B-A95F260BBCA2}.Debug|Any CPU.Build.0 = Debug|Any CPU
		{D210A44B-4652-45AC-B32B-A95F260BBCA2}.Release|Any CPU.ActiveCfg = Release|Any CPU
		{D210A44B-4652-45AC-B32B-A95F260BBCA2}.Release|Any CPU.Build.0 = Release|Any CPU
		{0C713E1A-BD79-4581-9EE4-6847998BC60D}.Debug|Any CPU.ActiveCfg = Debug|Any CPU
		{0C713E1A-BD79-4581-9EE4-6847998BC60D}.Debug|Any CPU.Build.0 = Debug|Any CPU
		{0C713E1A-BD79-4581-9EE4-6847998BC60D}.Release|Any CPU.ActiveCfg = Release|Any CPU
		{0C713E1A-BD79-4581-9EE4-6847998BC60D}.Release|Any CPU.Build.0 = Release|Any CPU
	EndGlobalSection
EndGlobal
